// !$*UTF8*$!
{
	archiveVersion = 1;
	classes = {
	};
	objectVersion = 50;
	objects = {

/* Begin PBXBuildFile section */
		08EA15172416BCD5006A3B58 /* AppDelegate.swift in Sources */ = {isa = PBXBuildFile; fileRef = 08EA15162416BCD5006A3B58 /* AppDelegate.swift */; };
		08EA15192416BCD5006A3B58 /* SceneDelegate.swift in Sources */ = {isa = PBXBuildFile; fileRef = 08EA15182416BCD5006A3B58 /* SceneDelegate.swift */; };
		08EA151B2416BCD5006A3B58 /* ViewController.swift in Sources */ = {isa = PBXBuildFile; fileRef = 08EA151A2416BCD5006A3B58 /* ViewController.swift */; };
		08EA151E2416BCD5006A3B58 /* Main.storyboard in Resources */ = {isa = PBXBuildFile; fileRef = 08EA151C2416BCD5006A3B58 /* Main.storyboard */; };
		08EA15202416BCD7006A3B58 /* Assets.xcassets in Resources */ = {isa = PBXBuildFile; fileRef = 08EA151F2416BCD7006A3B58 /* Assets.xcassets */; };
		08EA15232416BCD7006A3B58 /* LaunchScreen.storyboard in Resources */ = {isa = PBXBuildFile; fileRef = 08EA15212416BCD7006A3B58 /* LaunchScreen.storyboard */; };
/* End PBXBuildFile section */

/* Begin PBXFileReference section */
		08EA15132416BCD5006A3B58 /* IntroductionSample.app */ = {isa = PBXFileReference; explicitFileType = wrapper.application; includeInIndex = 0; path = IntroductionSample.app; sourceTree = BUILT_PRODUCTS_DIR; };
		08EA15162416BCD5006A3B58 /* AppDelegate.swift */ = {isa = PBXFileReference; lastKnownFileType = sourcecode.swift; path = AppDelegate.swift; sourceTree = "<group>"; };
		08EA15182416BCD5006A3B58 /* SceneDelegate.swift */ = {isa = PBXFileReference; lastKnownFileType = sourcecode.swift; path = SceneDelegate.swift; sourceTree = "<group>"; };
		08EA151A2416BCD5006A3B58 /* ViewController.swift */ = {isa = PBXFileReference; lastKnownFileType = sourcecode.swift; path = ViewController.swift; sourceTree = "<group>"; };
		08EA151D2416BCD5006A3B58 /* Base */ = {isa = PBXFileReference; lastKnownFileType = file.storyboard; name = Base; path = Base.lproj/Main.storyboard; sourceTree = "<group>"; };
		08EA151F2416BCD7006A3B58 /* Assets.xcassets */ = {isa = PBXFileReference; lastKnownFileType = folder.assetcatalog; path = Assets.xcassets; sourceTree = "<group>"; };
		08EA15222416BCD7006A3B58 /* Base */ = {isa = PBXFileReference; lastKnownFileType = file.storyboard; name = Base; path = Base.lproj/LaunchScreen.storyboard; sourceTree = "<group>"; };
		08EA15242416BCD7006A3B58 /* Info.plist */ = {isa = PBXFileReference; lastKnownFileType = text.plist.xml; path = Info.plist; sourceTree = "<group>"; };
/* End PBXFileReference section */

/* Begin PBXFrameworksBuildPhase section */
		08EA15102416BCD5006A3B58 /* Frameworks */ = {
			isa = PBXFrameworksBuildPhase;
			buildActionMask = 2147483647;
			files = (
			);
			runOnlyForDeploymentPostprocessing = 0;
		};
/* End PBXFrameworksBuildPhase section */

/* Begin PBXGroup section */
		08EA150A2416BCD5006A3B58 = {
			isa = PBXGroup;
			children = (
				08EA15152416BCD5006A3B58 /* IntroductionSample */,
				08EA15142416BCD5006A3B58 /* Products */,
			);
			sourceTree = "<group>";
		};
		08EA15142416BCD5006A3B58 /* Products */ = {
			isa = PBXGroup;
			children = (
				08EA15132416BCD5006A3B58 /* IntroductionSample.app */,
			);
			name = Products;
			sourceTree = "<group>";
		};
		08EA15152416BCD5006A3B58 /* IntroductionSample */ = {
			isa = PBXGroup;
			children = (
				08EA15162416BCD5006A3B58 /* AppDelegate.swift */,
				08EA15182416BCD5006A3B58 /* SceneDelegate.swift */,
				08EA151A2416BCD5006A3B58 /* ViewController.swift */,
				08EA151C2416BCD5006A3B58 /* Main.storyboard */,
				08EA151F2416BCD7006A3B58 /* Assets.xcassets */,
				08EA15212416BCD7006A3B58 /* LaunchScreen.storyboard */,
				08EA15242416BCD7006A3B58 /* Info.plist */,
			);
			path = IntroductionSample;
			sourceTree = "<group>";
		};
/* End PBXGroup section */

/* Begin PBXNativeTarget section */
		08EA15122416BCD5006A3B58 /* IntroductionSample */ = {
			isa = PBXNativeTarget;
			buildConfigurationList = 08EA15272416BCD7006A3B58 /* Build configuration list for PBXNativeTarget "IntroductionSample" */;
			buildPhases = (
				08EA150F2416BCD5006A3B58 /* Sources */,
				08EA15102416BCD5006A3B58 /* Frameworks */,
				08EA15112416BCD5006A3B58 /* Resources */,
			);
			buildRules = (
			);
			dependencies = (
			);
			name = IntroductionSample;
			productName = IntroductionSample;
			productReference = 08EA15132416BCD5006A3B58 /* IntroductionSample.app */;
			productType = "com.apple.product-type.application";
		};
/* End PBXNativeTarget section */

/* Begin PBXProject section */
		08EA150B2416BCD5006A3B58 /* Project object */ = {
			isa = PBXProject;
			attributes = {
				LastSwiftUpdateCheck = 1130;
				LastUpgradeCheck = 1130;
				ORGANIZATIONNAME = "Satyenkumar Mourya";
				TargetAttributes = {
					08EA15122416BCD5006A3B58 = {
						CreatedOnToolsVersion = 11.3.1;
					};
				};
			};
			buildConfigurationList = 08EA150E2416BCD5006A3B58 /* Build configuration list for PBXProject "IntroductionSample" */;
			compatibilityVersion = "Xcode 9.3";
			developmentRegion = en;
			hasScannedForEncodings = 0;
			knownRegions = (
				en,
				Base,
			);
			mainGroup = 08EA150A2416BCD5006A3B58;
			productRefGroup = 08EA15142416BCD5006A3B58 /* Products */;
			projectDirPath = "";
			projectRoot = "";
			targets = (
				08EA15122416BCD5006A3B58 /* IntroductionSample */,
			);
		};
/* End PBXProject section */

/* Begin PBXResourcesBuildPhase section */
		08EA15112416BCD5006A3B58 /* Resources */ = {
			isa = PBXResourcesBuildPhase;
			buildActionMask = 2147483647;
			files = (
				08EA15232416BCD7006A3B58 /* LaunchScreen.storyboard in Resources */,
				08EA15202416BCD7006A3B58 /* Assets.xcassets in Resources */,
				08EA151E2416BCD5006A3B58 /* Main.storyboard in Resources */,
			);
			runOnlyForDeploymentPostprocessing = 0;
		};
/* End PBXResourcesBuildPhase section */

/* Begin PBXSourcesBuildPhase section */
		08EA150F2416BCD5006A3B58 /* Sources */ = {
			isa = PBXSourcesBuildPhase;
			buildActionMask = 2147483647;
			files = (
				08EA151B2416BCD5006A3B58 /* ViewController.swift in Sources */,
				08EA15172416BCD5006A3B58 /* AppDelegate.swift in Sources */,
				08EA15192416BCD5006A3B58 /* SceneDelegate.swift in Sources */,
			);
			runOnlyForDeploymentPostprocessing = 0;
		};
/* End PBXSourcesBuildPhase section */

/* Begin PBXVariantGroup section */
		08EA151C2416BCD5006A3B58 /* Main.storyboard */ = {
			isa = PBXVariantGroup;
			children = (
				08EA151D2416BCD5006A3B58 /* Base */,
			);
			name = Main.storyboard;
			sourceTree = "<group>";
		};
		08EA15212416BCD7006A3B58 /* LaunchScreen.storyboard */ = {
			isa = PBXVariantGroup;
			children = (
				08EA15222416BCD7006A3B58 /* Base */,
			);
			name = LaunchScreen.storyboard;
			sourceTree = "<group>";
		};
/* End PBXVariantGroup section */

/* Begin XCBuildConfiguration section */
		08EA15252416BCD7006A3B58 /* Debug */ = {
			isa = XCBuildConfiguration;
			buildSettings = {
				ALWAYS_SEARCH_USER_PATHS = NO;
				CLANG_ANALYZER_NONNULL = YES;
				CLANG_ANALYZER_NUMBER_OBJECT_CONVERSION = YES_AGGRESSIVE;
				CLANG_CXX_LANGUAGE_STANDARD = "gnu++14";
				CLANG_CXX_LIBRARY = "libc++";
				CLANG_ENABLE_MODULES = YES;
				CLANG_ENABLE_OBJC_ARC = YES;
				CLANG_ENABLE_OBJC_WEAK = YES;
				CLANG_WARN_BLOCK_CAPTURE_AUTORELEASING = YES;
				CLANG_WARN_BOOL_CONVERSION = YES;
				CLANG_WARN_COMMA = YES;
				CLANG_WARN_CONSTANT_CONVERSION = YES;
				CLANG_WARN_DEPRECATED_OBJC_IMPLEMENTATIONS = YES;
				CLANG_WARN_DIRECT_OBJC_ISA_USAGE = YES_ERROR;
				CLANG_WARN_DOCUMENTATION_COMMENTS = YES;
				CLANG_WARN_EMPTY_BODY = YES;
				CLANG_WARN_ENUM_CONVERSION = YES;
				CLANG_WARN_INFINITE_RECURSION = YES;
				CLANG_WARN_INT_CONVERSION = YES;
				CLANG_WARN_NON_LITERAL_NULL_CONVERSION = YES;
				CLANG_WARN_OBJC_IMPLICIT_RETAIN_SELF = YES;
				CLANG_WARN_OBJC_LITERAL_CONVERSION = YES;
				CLANG_WARN_OBJC_ROOT_CLASS = YES_ERROR;
				CLANG_WARN_RANGE_LOOP_ANALYSIS = YES;
				CLANG_WARN_STRICT_PROTOTYPES = YES;
				CLANG_WARN_SUSPICIOUS_MOVE = YES;
				CLANG_WARN_UNGUARDED_AVAILABILITY = YES_AGGRESSIVE;
				CLANG_WARN_UNREACHABLE_CODE = YES;
				CLANG_WARN__DUPLICATE_METHOD_MATCH = YES;
				COPY_PHASE_STRIP = NO;
				DEBUG_INFORMATION_FORMAT = dwarf;
				ENABLE_STRICT_OBJC_MSGSEND = YES;
				ENABLE_TESTABILITY = YES;
				GCC_C_LANGUAGE_STANDARD = gnu11;
				GCC_DYNAMIC_NO_PIC = NO;
				GCC_NO_COMMON_BLOCKS = YES;
				GCC_OPTIMIZATION_LEVEL = 0;
				GCC_PREPROCESSOR_DEFINITIONS = (
					"DEBUG=1",
					"$(inherited)",
				);
				GCC_WARN_64_TO_32_BIT_CONVERSION = YES;
				GCC_WARN_ABOUT_RETURN_TYPE = YES_ERROR;
				GCC_WARN_UNDECLARED_SELECTOR = YES;
				GCC_WARN_UNINITIALIZED_AUTOS = YES_AGGRESSIVE;
				GCC_WARN_UNUSED_FUNCTION = YES;
				GCC_WARN_UNUSED_VARIABLE = YES;
				IPHONEOS_DEPLOYMENT_TARGET = 13.2;
				MTL_ENABLE_DEBUG_INFO = INCLUDE_SOURCE;
				MTL_FAST_MATH = YES;
				ONLY_ACTIVE_ARCH = YES;
				SDKROOT = iphoneos;
				SWIFT_ACTIVE_COMPILATION_CONDITIONS = DEBUG;
				SWIFT_OPTIMIZATION_LEVEL = "-Onone";
			};
			name = Debug;
		};
		08EA15262416BCD7006A3B58 /* Release */ = {
			isa = XCBuildConfiguration;
			buildSettings = {
				ALWAYS_SEARCH_USER_PATHS = NO;
				CLANG_ANALYZER_NONNULL = YES;
				CLANG_ANALYZER_NUMBER_OBJECT_CONVERSION = YES_AGGRESSIVE;
				CLANG_CXX_LANGUAGE_STANDARD = "gnu++14";
				CLANG_CXX_LIBRARY = "libc++";
				CLANG_ENABLE_MODULES = YES;
				CLANG_ENABLE_OBJC_ARC = YES;
				CLANG_ENABLE_OBJC_WEAK = YES;
				CLANG_WARN_BLOCK_CAPTURE_AUTORELEASING = YES;
				CLANG_WARN_BOOL_CONVERSION = YES;
				CLANG_WARN_COMMA = YES;
				CLANG_WARN_CONSTANT_CONVERSION = YES;
				CLANG_WARN_DEPRECATED_OBJC_IMPLEMENTATIONS = YES;
				CLANG_WARN_DIRECT_OBJC_ISA_USAGE = YES_ERROR;
				CLANG_WARN_DOCUMENTATION_COMMENTS = YES;
				CLANG_WARN_EMPTY_BODY = YES;
				CLANG_WARN_ENUM_CONVERSION = YES;
				CLANG_WARN_INFINITE_RECURSION = YES;
				CLANG_WARN_INT_CONVERSION = YES;
				CLANG_WARN_NON_LITERAL_NULL_CONVERSION = YES;
				CLANG_WARN_OBJC_IMPLICIT_RETAIN_SELF = YES;
				CLANG_WARN_OBJC_LITERAL_CONVERSION = YES;
				CLANG_WARN_OBJC_ROOT_CLASS = YES_ERROR;
				CLANG_WARN_RANGE_LOOP_ANALYSIS = YES;
				CLANG_WARN_STRICT_PROTOTYPES = YES;
				CLANG_WARN_SUSPICIOUS_MOVE = YES;
				CLANG_WARN_UNGUARDED_AVAILABILITY = YES_AGGRESSIVE;
				CLANG_WARN_UNREACHABLE_CODE = YES;
				CLANG_WARN__DUPLICATE_METHOD_MATCH = YES;
				COPY_PHASE_STRIP = NO;
				DEBUG_INFORMATION_FORMAT = "dwarf-with-dsym";
				ENABLE_NS_ASSERTIONS = NO;
				ENABLE_STRICT_OBJC_MSGSEND = YES;
				GCC_C_LANGUAGE_STANDARD = gnu11;
				GCC_NO_COMMON_BLOCKS = YES;
				GCC_WARN_64_TO_32_BIT_CONVERSION = YES;
				GCC_WARN_ABOUT_RETURN_TYPE = YES_ERROR;
				GCC_WARN_UNDECLARED_SELECTOR = YES;
				GCC_WARN_UNINITIALIZED_AUTOS = YES_AGGRESSIVE;
				GCC_WARN_UNUSED_FUNCTION = YES;
				GCC_WARN_UNUSED_VARIABLE = YES;
				IPHONEOS_DEPLOYMENT_TARGET = 13.2;
				MTL_ENABLE_DEBUG_INFO = NO;
				MTL_FAST_MATH = YES;
				SDKROOT = iphoneos;
				SWIFT_COMPILATION_MODE = wholemodule;
				SWIFT_OPTIMIZATION_LEVEL = "-O";
				VALIDATE_PRODUCT = YES;
			};
			name = Release;
		};
		08EA15282416BCD7006A3B58 /* Debug */ = {
			isa = XCBuildConfiguration;
			buildSettings = {
				ASSETCATALOG_COMPILER_APPICON_NAME = AppIcon;
				CODE_SIGN_STYLE = Automatic;
				DEVELOPMENT_TEAM = F46M75QQMP;
				INFOPLIST_FILE = IntroductionSample/Info.plist;
				LD_RUNPATH_SEARCH_PATHS = (
					"$(inherited)",
					"@executable_path/Frameworks",
				);
				PRODUCT_BUNDLE_IDENTIFIER = com.satyen.IntroductionSample;
				PRODUCT_NAME = "$(TARGET_NAME)";
				SWIFT_VERSION = 5.0;
				TARGETED_DEVICE_FAMILY = "1,2";
			};
			name = Debug;
		};
		08EA15292416BCD7006A3B58 /* Release */ = {
			isa = XCBuildConfiguration;
			buildSettings = {
				ASSETCATALOG_COMPILER_APPICON_NAME = AppIcon;
				CODE_SIGN_STYLE = Automatic;
				DEVELOPMENT_TEAM = F46M75QQMP;
				INFOPLIST_FILE = IntroductionSample/Info.plist;
				LD_RUNPATH_SEARCH_PATHS = (
					"$(inherited)",
					"@executable_path/Frameworks",
				);
				PRODUCT_BUNDLE_IDENTIFIER = com.satyen.IntroductionSample;
				PRODUCT_NAME = "$(TARGET_NAME)";
				SWIFT_VERSION = 5.0;
				TARGETED_DEVICE_FAMILY = "1,2";
			};
			name = Release;
		};
/* End XCBuildConfiguration section */

/* Begin XCConfigurationList section */
		08EA150E2416BCD5006A3B58 /* Build configuration list for PBXProject "IntroductionSample" */ = {
			isa = XCConfigurationList;
			buildConfigurations = (
				08EA15252416BCD7006A3B58 /* Debug */,
				08EA15262416BCD7006A3B58 /* Release */,
			);
			defaultConfigurationIsVisible = 0;
			defaultConfigurationName = Release;
		};
		08EA15272416BCD7006A3B58 /* Build configuration list for PBXNativeTarget "IntroductionSample" */ = {
			isa = XCConfigurationList;
			buildConfigurations = (
				08EA15282416BCD7006A3B58 /* Debug */,
				08EA15292416BCD7006A3B58 /* Release */,
			);
			defaultConfigurationIsVisible = 0;
			defaultConfigurationName = Release;
		};
/* End XCConfigurationList section */
	};
	rootObject = 08EA150B2416BCD5006A3B58 /* Project object */;
}
